Microsoft Visual Studio Solution File, Format Version 11.00
# Visual Studio 2008

Project("{8933C2B7-42DD-36F2-3806-26178D274C19}") = "ClickMasterClient", "Assembly-CSharp.csproj", "{BE8E18F6-CFB1-ED03-5CD0-1C20F78715E0}"
EndProject
Project("{8933C2B7-42DD-36F2-3806-26178D274C19}") = "ClickMasterClient", "Assembly-CSharp-Editor.csproj", "{80FEB329-27EE-34E2-BA2A-F6366F442213}"
EndProject
Global
	GlobalSection(SolutionConfigurationPlatforms) = preSolution
		Debug|Any CPU = Debug|Any CPU
		Release|Any CPU = Release|Any CPU
	EndGlobalSection
	GlobalSection(ProjectConfigurationPlatforms) = postSolution
		{BE8E18F6-CFB1-ED03-5CD0-1C20F78715E0}.Debug|Any CPU.ActiveCfg = Debug|Any CPU
		{BE8E18F6-CFB1-ED03-5CD0-1C20F78715E0}.Debug|Any CPU.Build.0 = Debug|Any CPU
		{BE8E18F6-CFB1-ED03-5CD0-1C20F78715E0}.Release|Any CPU.ActiveCfg = Release|Any CPU
		{BE8E18F6-CFB1-ED03-5CD0-1C20F78715E0}.Release|Any CPU.Build.0 = Release|Any CPU
		{80FEB329-27EE-34E2-BA2A-F6366F442213}.Debug|Any CPU.ActiveCfg = Debug|Any CPU
		{80FEB329-27EE-34E2-BA2A-F6366F442213}.Debug|Any CPU.Build.0 = Debug|Any CPU
		{80FEB329-27EE-34E2-BA2A-F6366F442213}.Release|Any CPU.ActiveCfg = Release|Any CPU
		{80FEB329-27EE-34E2-BA2A-F6366F442213}.Release|Any CPU.Build.0 = Release|Any CPU
	EndGlobalSection
	GlobalSection(SolutionProperties) = preSolution
		HideSolutionNode = FALSE
	EndGlobalSection
	GlobalSection(MonoDevelopProperties) = preSolution
		StartupItem = Assembly-CSharp.csproj
	EndGlobalSection
EndGlobal
